// !$*UTF8*$!
{
	archiveVersion = 1;
	classes = {
	};
	objectVersion = 50;
	objects = {

/* Begin PBXBuildFile section */
		6EC90E0C237092F500107BA6 /* AppDelegate.m in Sources */ = {isa = PBXBuildFile; fileRef = 6EC90E0B237092F500107BA6 /* AppDelegate.m */; };
		6EC90E0F237092F500107BA6 /* SceneDelegate.m in Sources */ = {isa = PBXBuildFile; fileRef = 6EC90E0E237092F500107BA6 /* SceneDelegate.m */; };
		6EC90E12237092F500107BA6 /* ViewController.m in Sources */ = {isa = PBXBuildFile; fileRef = 6EC90E11237092F500107BA6 /* ViewController.m */; };
		6EC90E15237092F500107BA6 /* Main.storyboard in Resources */ = {isa = PBXBuildFile; fileRef = 6EC90E13237092F500107BA6 /* Main.storyboard */; };
		6EC90E17237092F700107BA6 /* Assets.xcassets in Resources */ = {isa = PBXBuildFile; fileRef = 6EC90E16237092F700107BA6 /* Assets.xcassets */; };
		6EC90E1A237092F700107BA6 /* LaunchScreen.storyboard in Resources */ = {isa = PBXBuildFile; fileRef = 6EC90E18237092F700107BA6 /* LaunchScreen.storyboard */; };
		6EC90E1D237092F700107BA6 /* main.m in Sources */ = {isa = PBXBuildFile; fileRef = 6EC90E1C237092F700107BA6 /* main.m */; };
		6EC90E27237092F700107BA6 /* MacOSVersionsTests.m in Sources */ = {isa = PBXBuildFile; fileRef = 6EC90E26237092F700107BA6 /* MacOSVersionsTests.m */; };
		6EC90E32237092F700107BA6 /* MacOSVersionsUITests.m in Sources */ = {isa = PBXBuildFile; fileRef = 6EC90E31237092F700107BA6 /* MacOSVersionsUITests.m */; };
		6EC90E41237099F900107BA6 /* MBVersion.m in Sources */ = {isa = PBXBuildFile; fileRef = 6EC90E40237099F900107BA6 /* MBVersion.m */; };
		6EC90E442370A1D200107BA6 /* MBVersionController.m in Sources */ = {isa = PBXBuildFile; fileRef = 6EC90E432370A1D200107BA6 /* MBVersionController.m */; };
		6EC90E472370A46200107BA6 /* MBVersionsTableViewController.m in Sources */ = {isa = PBXBuildFile; fileRef = 6EC90E462370A46200107BA6 /* MBVersionsTableViewController.m */; };
/* End PBXBuildFile section */

/* Begin PBXContainerItemProxy section */
		6EC90E23237092F700107BA6 /* PBXContainerItemProxy */ = {
			isa = PBXContainerItemProxy;
			containerPortal = 6EC90DFF237092F500107BA6 /* Project object */;
			proxyType = 1;
			remoteGlobalIDString = 6EC90E06237092F500107BA6;
			remoteInfo = MacOSVersions;
		};
		6EC90E2E237092F700107BA6 /* PBXContainerItemProxy */ = {
			isa = PBXContainerItemProxy;
			containerPortal = 6EC90DFF237092F500107BA6 /* Project object */;
			proxyType = 1;
			remoteGlobalIDString = 6EC90E06237092F500107BA6;
			remoteInfo = MacOSVersions;
		};
/* End PBXContainerItemProxy section */

/* Begin PBXFileReference section */
		6EC90E07237092F500107BA6 /* MacOSVersions.app */ = {isa = PBXFileReference; explicitFileType = wrapper.application; includeInIndex = 0; path = MacOSVersions.app; sourceTree = BUILT_PRODUCTS_DIR; };
		6EC90E0A237092F500107BA6 /* AppDelegate.h */ = {isa = PBXFileReference; lastKnownFileType = sourcecode.c.h; path = AppDelegate.h; sourceTree = "<group>"; };
		6EC90E0B237092F500107BA6 /* AppDelegate.m */ = {isa = PBXFileReference; lastKnownFileType = sourcecode.c.objc; path = AppDelegate.m; sourceTree = "<group>"; };
		6EC90E0D237092F500107BA6 /* SceneDelegate.h */ = {isa = PBXFileReference; lastKnownFileType = sourcecode.c.h; path = SceneDelegate.h; sourceTree = "<group>"; };
		6EC90E0E237092F500107BA6 /* SceneDelegate.m */ = {isa = PBXFileReference; lastKnownFileType = sourcecode.c.objc; path = SceneDelegate.m; sourceTree = "<group>"; };
		6EC90E10237092F500107BA6 /* ViewController.h */ = {isa = PBXFileReference; lastKnownFileType = sourcecode.c.h; path = ViewController.h; sourceTree = "<group>"; };
		6EC90E11237092F500107BA6 /* ViewController.m */ = {isa = PBXFileReference; lastKnownFileType = sourcecode.c.objc; path = ViewController.m; sourceTree = "<group>"; };
		6EC90E14237092F500107BA6 /* Base */ = {isa = PBXFileReference; lastKnownFileType = file.storyboard; name = Base; path = Base.lproj/Main.storyboard; sourceTree = "<group>"; };
		6EC90E16237092F700107BA6 /* Assets.xcassets */ = {isa = PBXFileReference; lastKnownFileType = folder.assetcatalog; path = Assets.xcassets; sourceTree = "<group>"; };
		6EC90E19237092F700107BA6 /* Base */ = {isa = PBXFileReference; lastKnownFileType = file.storyboard; name = Base; path = Base.lproj/LaunchScreen.storyboard; sourceTree = "<group>"; };
		6EC90E1B237092F700107BA6 /* Info.plist */ = {isa = PBXFileReference; lastKnownFileType = text.plist.xml; path = Info.plist; sourceTree = "<group>"; };
		6EC90E1C237092F700107BA6 /* main.m */ = {isa = PBXFileReference; lastKnownFileType = sourcecode.c.objc; path = main.m; sourceTree = "<group>"; };
		6EC90E22237092F700107BA6 /* MacOSVersionsTests.xctest */ = {isa = PBXFileReference; explicitFileType = wrapper.cfbundle; includeInIndex = 0; path = MacOSVersionsTests.xctest; sourceTree = BUILT_PRODUCTS_DIR; };
		6EC90E26237092F700107BA6 /* MacOSVersionsTests.m */ = {isa = PBXFileReference; lastKnownFileType = sourcecode.c.objc; path = MacOSVersionsTests.m; sourceTree = "<group>"; };
		6EC90E28237092F700107BA6 /* Info.plist */ = {isa = PBXFileReference; lastKnownFileType = text.plist.xml; path = Info.plist; sourceTree = "<group>"; };
		6EC90E2D237092F700107BA6 /* MacOSVersionsUITests.xctest */ = {isa = PBXFileReference; explicitFileType = wrapper.cfbundle; includeInIndex = 0; path = MacOSVersionsUITests.xctest; sourceTree = BUILT_PRODUCTS_DIR; };
		6EC90E31237092F700107BA6 /* MacOSVersionsUITests.m */ = {isa = PBXFileReference; lastKnownFileType = sourcecode.c.objc; path = MacOSVersionsUITests.m; sourceTree = "<group>"; };
		6EC90E33237092F700107BA6 /* Info.plist */ = {isa = PBXFileReference; lastKnownFileType = text.plist.xml; path = Info.plist; sourceTree = "<group>"; };
		6EC90E3F237099F900107BA6 /* MBVersion.h */ = {isa = PBXFileReference; lastKnownFileType = sourcecode.c.h; path = MBVersion.h; sourceTree = "<group>"; };
		6EC90E40237099F900107BA6 /* MBVersion.m */ = {isa = PBXFileReference; lastKnownFileType = sourcecode.c.objc; path = MBVersion.m; sourceTree = "<group>"; };
		6EC90E422370A1D200107BA6 /* MBVersionController.h */ = {isa = PBXFileReference; lastKnownFileType = sourcecode.c.h; path = MBVersionController.h; sourceTree = "<group>"; };
		6EC90E432370A1D200107BA6 /* MBVersionController.m */ = {isa = PBXFileReference; lastKnownFileType = sourcecode.c.objc; path = MBVersionController.m; sourceTree = "<group>"; };
		6EC90E452370A46200107BA6 /* MBVersionsTableViewController.h */ = {isa = PBXFileReference; lastKnownFileType = sourcecode.c.h; path = MBVersionsTableViewController.h; sourceTree = "<group>"; };
		6EC90E462370A46200107BA6 /* MBVersionsTableViewController.m */ = {isa = PBXFileReference; lastKnownFileType = sourcecode.c.objc; path = MBVersionsTableViewController.m; sourceTree = "<group>"; };
/* End PBXFileReference section */

/* Begin PBXFrameworksBuildPhase section */
		6EC90E04237092F500107BA6 /* Frameworks */ = {
			isa = PBXFrameworksBuildPhase;
			buildActionMask = 2147483647;
			files = (
			);
			runOnlyForDeploymentPostprocessing = 0;
		};
		6EC90E1F237092F700107BA6 /* Frameworks */ = {
			isa = PBXFrameworksBuildPhase;
			buildActionMask = 2147483647;
			files = (
			);
			runOnlyForDeploymentPostprocessing = 0;
		};
		6EC90E2A237092F700107BA6 /* Frameworks */ = {
			isa = PBXFrameworksBuildPhase;
			buildActionMask = 2147483647;
			files = (
			);
			runOnlyForDeploymentPostprocessing = 0;
		};
/* End PBXFrameworksBuildPhase section */

/* Begin PBXGroup section */
		6EC90DFE237092F500107BA6 = {
			isa = PBXGroup;
			children = (
				6EC90E09237092F500107BA6 /* MacOSVersions */,
				6EC90E25237092F700107BA6 /* MacOSVersionsTests */,
				6EC90E30237092F700107BA6 /* MacOSVersionsUITests */,
				6EC90E08237092F500107BA6 /* Products */,
			);
			sourceTree = "<group>";
		};
		6EC90E08237092F500107BA6 /* Products */ = {
			isa = PBXGroup;
			children = (
				6EC90E07237092F500107BA6 /* MacOSVersions.app */,
				6EC90E22237092F700107BA6 /* MacOSVersionsTests.xctest */,
				6EC90E2D237092F700107BA6 /* MacOSVersionsUITests.xctest */,
			);
			name = Products;
			sourceTree = "<group>";
		};
		6EC90E09237092F500107BA6 /* MacOSVersions */ = {
			isa = PBXGroup;
			children = (
				6EC90E0A237092F500107BA6 /* AppDelegate.h */,
				6EC90E0B237092F500107BA6 /* AppDelegate.m */,
				6EC90E0D237092F500107BA6 /* SceneDelegate.h */,
				6EC90E0E237092F500107BA6 /* SceneDelegate.m */,
				6EC90E10237092F500107BA6 /* ViewController.h */,
				6EC90E11237092F500107BA6 /* ViewController.m */,
				6EC90E3F237099F900107BA6 /* MBVersion.h */,
				6EC90E40237099F900107BA6 /* MBVersion.m */,
				6EC90E422370A1D200107BA6 /* MBVersionController.h */,
				6EC90E432370A1D200107BA6 /* MBVersionController.m */,
				6EC90E452370A46200107BA6 /* MBVersionsTableViewController.h */,
				6EC90E462370A46200107BA6 /* MBVersionsTableViewController.m */,
				6EC90E13237092F500107BA6 /* Main.storyboard */,
				6EC90E16237092F700107BA6 /* Assets.xcassets */,
				6EC90E18237092F700107BA6 /* LaunchScreen.storyboard */,
				6EC90E1B237092F700107BA6 /* Info.plist */,
				6EC90E1C237092F700107BA6 /* main.m */,
			);
			path = MacOSVersions;
			sourceTree = "<group>";
		};
		6EC90E25237092F700107BA6 /* MacOSVersionsTests */ = {
			isa = PBXGroup;
			children = (
				6EC90E26237092F700107BA6 /* MacOSVersionsTests.m */,
				6EC90E28237092F700107BA6 /* Info.plist */,
			);
			path = MacOSVersionsTests;
			sourceTree = "<group>";
		};
		6EC90E30237092F700107BA6 /* MacOSVersionsUITests */ = {
			isa = PBXGroup;
			children = (
				6EC90E31237092F700107BA6 /* MacOSVersionsUITests.m */,
				6EC90E33237092F700107BA6 /* Info.plist */,
			);
			path = MacOSVersionsUITests;
			sourceTree = "<group>";
		};
/* End PBXGroup section */

/* Begin PBXNativeTarget section */
		6EC90E06237092F500107BA6 /* MacOSVersions */ = {
			isa = PBXNativeTarget;
			buildConfigurationList = 6EC90E36237092F700107BA6 /* Build configuration list for PBXNativeTarget "MacOSVersions" */;
			buildPhases = (
				6EC90E03237092F500107BA6 /* Sources */,
				6EC90E04237092F500107BA6 /* Frameworks */,
				6EC90E05237092F500107BA6 /* Resources */,
			);
			buildRules = (
			);
			dependencies = (
			);
			name = MacOSVersions;
			productName = MacOSVersions;
			productReference = 6EC90E07237092F500107BA6 /* MacOSVersions.app */;
			productType = "com.apple.product-type.application";
		};
		6EC90E21237092F700107BA6 /* MacOSVersionsTests */ = {
			isa = PBXNativeTarget;
			buildConfigurationList = 6EC90E39237092F700107BA6 /* Build configuration list for PBXNativeTarget "MacOSVersionsTests" */;
			buildPhases = (
				6EC90E1E237092F700107BA6 /* Sources */,
				6EC90E1F237092F700107BA6 /* Frameworks */,
				6EC90E20237092F700107BA6 /* Resources */,
			);
			buildRules = (
			);
			dependencies = (
				6EC90E24237092F700107BA6 /* PBXTargetDependency */,
			);
			name = MacOSVersionsTests;
			productName = MacOSVersionsTests;
			productReference = 6EC90E22237092F700107BA6 /* MacOSVersionsTests.xctest */;
			productType = "com.apple.product-type.bundle.unit-test";
		};
		6EC90E2C237092F700107BA6 /* MacOSVersionsUITests */ = {
			isa = PBXNativeTarget;
			buildConfigurationList = 6EC90E3C237092F700107BA6 /* Build configuration list for PBXNativeTarget "MacOSVersionsUITests" */;
			buildPhases = (
				6EC90E29237092F700107BA6 /* Sources */,
				6EC90E2A237092F700107BA6 /* Frameworks */,
				6EC90E2B237092F700107BA6 /* Resources */,
			);
			buildRules = (
			);
			dependencies = (
				6EC90E2F237092F700107BA6 /* PBXTargetDependency */,
			);
			name = MacOSVersionsUITests;
			productName = MacOSVersionsUITests;
			productReference = 6EC90E2D237092F700107BA6 /* MacOSVersionsUITests.xctest */;
			productType = "com.apple.product-type.bundle.ui-testing";
		};
/* End PBXNativeTarget section */

/* Begin PBXProject section */
		6EC90DFF237092F500107BA6 /* Project object */ = {
			isa = PBXProject;
			attributes = {
				LastUpgradeCheck = 1120;
				ORGANIZATIONNAME = "Mitchell Budge";
				TargetAttributes = {
					6EC90E06237092F500107BA6 = {
						CreatedOnToolsVersion = 11.2;
					};
					6EC90E21237092F700107BA6 = {
						CreatedOnToolsVersion = 11.2;
						TestTargetID = 6EC90E06237092F500107BA6;
					};
					6EC90E2C237092F700107BA6 = {
						CreatedOnToolsVersion = 11.2;
						TestTargetID = 6EC90E06237092F500107BA6;
					};
				};
			};
			buildConfigurationList = 6EC90E02237092F500107BA6 /* Build configuration list for PBXProject "MacOSVersions" */;
			compatibilityVersion = "Xcode 9.3";
			developmentRegion = en;
			hasScannedForEncodings = 0;
			knownRegions = (
				en,
				Base,
			);
			mainGroup = 6EC90DFE237092F500107BA6;
			productRefGroup = 6EC90E08237092F500107BA6 /* Products */;
			projectDirPath = "";
			projectRoot = "";
			targets = (
				6EC90E06237092F500107BA6 /* MacOSVersions */,
				6EC90E21237092F700107BA6 /* MacOSVersionsTests */,
				6EC90E2C237092F700107BA6 /* MacOSVersionsUITests */,
			);
		};
/* End PBXProject section */

/* Begin PBXResourcesBuildPhase section */
		6EC90E05237092F500107BA6 /* Resources */ = {
			isa = PBXResourcesBuildPhase;
			buildActionMask = 2147483647;
			files = (
				6EC90E1A237092F700107BA6 /* LaunchScreen.storyboard in Resources */,
				6EC90E17237092F700107BA6 /* Assets.xcassets in Resources */,
				6EC90E15237092F500107BA6 /* Main.storyboard in Resources */,
			);
			runOnlyForDeploymentPostprocessing = 0;
		};
		6EC90E20237092F700107BA6 /* Resources */ = {
			isa = PBXResourcesBuildPhase;
			buildActionMask = 2147483647;
			files = (
			);
			runOnlyForDeploymentPostprocessing = 0;
		};
		6EC90E2B237092F700107BA6 /* Resources */ = {
			isa = PBXResourcesBuildPhase;
			buildActionMask = 2147483647;
			files = (
			);
			runOnlyForDeploymentPostprocessing = 0;
		};
/* End PBXResourcesBuildPhase section */

/* Begin PBXSourcesBuildPhase section */
		6EC90E03237092F500107BA6 /* Sources */ = {
			isa = PBXSourcesBuildPhase;
			buildActionMask = 2147483647;
			files = (
				6EC90E12237092F500107BA6 /* ViewController.m in Sources */,
				6EC90E0C237092F500107BA6 /* AppDelegate.m in Sources */,
				6EC90E1D237092F700107BA6 /* main.m in Sources */,
				6EC90E442370A1D200107BA6 /* MBVersionController.m in Sources */,
				6EC90E472370A46200107BA6 /* MBVersionsTableViewController.m in Sources */,
				6EC90E41237099F900107BA6 /* MBVersion.m in Sources */,
				6EC90E0F237092F500107BA6 /* SceneDelegate.m in Sources */,
			);
			runOnlyForDeploymentPostprocessing = 0;
		};
		6EC90E1E237092F700107BA6 /* Sources */ = {
			isa = PBXSourcesBuildPhase;
			buildActionMask = 2147483647;
			files = (
				6EC90E27237092F700107BA6 /* MacOSVersionsTests.m in Sources */,
			);
			runOnlyForDeploymentPostprocessing = 0;
		};
		6EC90E29237092F700107BA6 /* Sources */ = {
			isa = PBXSourcesBuildPhase;
			buildActionMask = 2147483647;
			files = (
				6EC90E32237092F700107BA6 /* MacOSVersionsUITests.m in Sources */,
			);
			runOnlyForDeploymentPostprocessing = 0;
		};
/* End PBXSourcesBuildPhase section */

/* Begin PBXTargetDependency section */
		6EC90E24237092F700107BA6 /* PBXTargetDependency */ = {
			isa = PBXTargetDependency;
			target = 6EC90E06237092F500107BA6 /* MacOSVersions */;
			targetProxy = 6EC90E23237092F700107BA6 /* PBXContainerItemProxy */;
		};
		6EC90E2F237092F700107BA6 /* PBXTargetDependency */ = {
			isa = PBXTargetDependency;
			target = 6EC90E06237092F500107BA6 /* MacOSVersions */;
			targetProxy = 6EC90E2E237092F700107BA6 /* PBXContainerItemProxy */;
		};
/* End PBXTargetDependency section */

/* Begin PBXVariantGroup section */
		6EC90E13237092F500107BA6 /* Main.storyboard */ = {
			isa = PBXVariantGroup;
			children = (
				6EC90E14237092F500107BA6 /* Base */,
			);
			name = Main.storyboard;
			sourceTree = "<group>";
		};
		6EC90E18237092F700107BA6 /* LaunchScreen.storyboard */ = {
			isa = PBXVariantGroup;
			children = (
				6EC90E19237092F700107BA6 /* Base */,
			);
			name = LaunchScreen.storyboard;
			sourceTree = "<group>";
		};
/* End PBXVariantGroup section */

/* Begin XCBuildConfiguration section */
		6EC90E34237092F700107BA6 /* Debug */ = {
			isa = XCBuildConfiguration;
			buildSettings = {
				ALWAYS_SEARCH_USER_PATHS = NO;
				CLANG_ANALYZER_NONNULL = YES;
				CLANG_ANALYZER_NUMBER_OBJECT_CONVERSION = YES_AGGRESSIVE;
				CLANG_CXX_LANGUAGE_STANDARD = "gnu++14";
				CLANG_CXX_LIBRARY = "libc++";
				CLANG_ENABLE_MODULES = YES;
				CLANG_ENABLE_OBJC_ARC = YES;
				CLANG_ENABLE_OBJC_WEAK = YES;
				CLANG_WARN_BLOCK_CAPTURE_AUTORELEASING = YES;
				CLANG_WARN_BOOL_CONVERSION = YES;
				CLANG_WARN_COMMA = YES;
				CLANG_WARN_CONSTANT_CONVERSION = YES;
				CLANG_WARN_DEPRECATED_OBJC_IMPLEMENTATIONS = YES;
				CLANG_WARN_DIRECT_OBJC_ISA_USAGE = YES_ERROR;
				CLANG_WARN_DOCUMENTATION_COMMENTS = YES;
				CLANG_WARN_EMPTY_BODY = YES;
				CLANG_WARN_ENUM_CONVERSION = YES;
				CLANG_WARN_INFINITE_RECURSION = YES;
				CLANG_WARN_INT_CONVERSION = YES;
				CLANG_WARN_NON_LITERAL_NULL_CONVERSION = YES;
				CLANG_WARN_OBJC_IMPLICIT_RETAIN_SELF = YES;
				CLANG_WARN_OBJC_LITERAL_CONVERSION = YES;
				CLANG_WARN_OBJC_ROOT_CLASS = YES_ERROR;
				CLANG_WARN_RANGE_LOOP_ANALYSIS = YES;
				CLANG_WARN_STRICT_PROTOTYPES = YES;
				CLANG_WARN_SUSPICIOUS_MOVE = YES;
				CLANG_WARN_UNGUARDED_AVAILABILITY = YES_AGGRESSIVE;
				CLANG_WARN_UNREACHABLE_CODE = YES;
				CLANG_WARN__DUPLICATE_METHOD_MATCH = YES;
				COPY_PHASE_STRIP = NO;
				DEBUG_INFORMATION_FORMAT = dwarf;
				ENABLE_STRICT_OBJC_MSGSEND = YES;
				ENABLE_TESTABILITY = YES;
				GCC_C_LANGUAGE_STANDARD = gnu11;
				GCC_DYNAMIC_NO_PIC = NO;
				GCC_NO_COMMON_BLOCKS = YES;
				GCC_OPTIMIZATION_LEVEL = 0;
				GCC_PREPROCESSOR_DEFINITIONS = (
					"DEBUG=1",
					"$(inherited)",
				);
				GCC_WARN_64_TO_32_BIT_CONVERSION = YES;
				GCC_WARN_ABOUT_RETURN_TYPE = YES_ERROR;
				GCC_WARN_UNDECLARED_SELECTOR = YES;
				GCC_WARN_UNINITIALIZED_AUTOS = YES_AGGRESSIVE;
				GCC_WARN_UNUSED_FUNCTION = YES;
				GCC_WARN_UNUSED_VARIABLE = YES;
				IPHONEOS_DEPLOYMENT_TARGET = 13.2;
				MTL_ENABLE_DEBUG_INFO = INCLUDE_SOURCE;
				MTL_FAST_MATH = YES;
				ONLY_ACTIVE_ARCH = YES;
				SDKROOT = iphoneos;
			};
			name = Debug;
		};
		6EC90E35237092F700107BA6 /* Release */ = {
			isa = XCBuildConfiguration;
			buildSettings = {
				ALWAYS_SEARCH_USER_PATHS = NO;
				CLANG_ANALYZER_NONNULL = YES;
				CLANG_ANALYZER_NUMBER_OBJECT_CONVERSION = YES_AGGRESSIVE;
				CLANG_CXX_LANGUAGE_STANDARD = "gnu++14";
				CLANG_CXX_LIBRARY = "libc++";
				CLANG_ENABLE_MODULES = YES;
				CLANG_ENABLE_OBJC_ARC = YES;
				CLANG_ENABLE_OBJC_WEAK = YES;
				CLANG_WARN_BLOCK_CAPTURE_AUTORELEASING = YES;
				CLANG_WARN_BOOL_CONVERSION = YES;
				CLANG_WARN_COMMA = YES;
				CLANG_WARN_CONSTANT_CONVERSION = YES;
				CLANG_WARN_DEPRECATED_OBJC_IMPLEMENTATIONS = YES;
				CLANG_WARN_DIRECT_OBJC_ISA_USAGE = YES_ERROR;
				CLANG_WARN_DOCUMENTATION_COMMENTS = YES;
				CLANG_WARN_EMPTY_BODY = YES;
				CLANG_WARN_ENUM_CONVERSION = YES;
				CLANG_WARN_INFINITE_RECURSION = YES;
				CLANG_WARN_INT_CONVERSION = YES;
				CLANG_WARN_NON_LITERAL_NULL_CONVERSION = YES;
				CLANG_WARN_OBJC_IMPLICIT_RETAIN_SELF = YES;
				CLANG_WARN_OBJC_LITERAL_CONVERSION = YES;
				CLANG_WARN_OBJC_ROOT_CLASS = YES_ERROR;
				CLANG_WARN_RANGE_LOOP_ANALYSIS = YES;
				CLANG_WARN_STRICT_PROTOTYPES = YES;
				CLANG_WARN_SUSPICIOUS_MOVE = YES;
				CLANG_WARN_UNGUARDED_AVAILABILITY = YES_AGGRESSIVE;
				CLANG_WARN_UNREACHABLE_CODE = YES;
				CLANG_WARN__DUPLICATE_METHOD_MATCH = YES;
				COPY_PHASE_STRIP = NO;
				DEBUG_INFORMATION_FORMAT = "dwarf-with-dsym";
				ENABLE_NS_ASSERTIONS = NO;
				ENABLE_STRICT_OBJC_MSGSEND = YES;
				GCC_C_LANGUAGE_STANDARD = gnu11;
				GCC_NO_COMMON_BLOCKS = YES;
				GCC_WARN_64_TO_32_BIT_CONVERSION = YES;
				GCC_WARN_ABOUT_RETURN_TYPE = YES_ERROR;
				GCC_WARN_UNDECLARED_SELECTOR = YES;
				GCC_WARN_UNINITIALIZED_AUTOS = YES_AGGRESSIVE;
				GCC_WARN_UNUSED_FUNCTION = YES;
				GCC_WARN_UNUSED_VARIABLE = YES;
				IPHONEOS_DEPLOYMENT_TARGET = 13.2;
				MTL_ENABLE_DEBUG_INFO = NO;
				MTL_FAST_MATH = YES;
				SDKROOT = iphoneos;
				VALIDATE_PRODUCT = YES;
			};
			name = Release;
		};
		6EC90E37237092F700107BA6 /* Debug */ = {
			isa = XCBuildConfiguration;
			buildSettings = {
				ASSETCATALOG_COMPILER_APPICON_NAME = AppIcon;
				CODE_SIGN_STYLE = Automatic;
				INFOPLIST_FILE = MacOSVersions/Info.plist;
				LD_RUNPATH_SEARCH_PATHS = (
					"$(inherited)",
					"@executable_path/Frameworks",
				);
				PRODUCT_BUNDLE_IDENTIFIER = com.mitchellgbudge.MacOSVersions;
				PRODUCT_NAME = "$(TARGET_NAME)";
				TARGETED_DEVICE_FAMILY = "1,2";
			};
			name = Debug;
		};
		6EC90E38237092F700107BA6 /* Release */ = {
			isa = XCBuildConfiguration;
			buildSettings = {
				ASSETCATALOG_COMPILER_APPICON_NAME = AppIcon;
				CODE_SIGN_STYLE = Automatic;
				INFOPLIST_FILE = MacOSVersions/Info.plist;
				LD_RUNPATH_SEARCH_PATHS = (
					"$(inherited)",
					"@executable_path/Frameworks",
				);
				PRODUCT_BUNDLE_IDENTIFIER = com.mitchellgbudge.MacOSVersions;
				PRODUCT_NAME = "$(TARGET_NAME)";
				TARGETED_DEVICE_FAMILY = "1,2";
			};
			name = Release;
		};
		6EC90E3A237092F700107BA6 /* Debug */ = {
			isa = XCBuildConfiguration;
			buildSettings = {
				BUNDLE_LOADER = "$(TEST_HOST)";
				CODE_SIGN_STYLE = Automatic;
				INFOPLIST_FILE = MacOSVersionsTests/Info.plist;
				IPHONEOS_DEPLOYMENT_TARGET = 13.2;
				LD_RUNPATH_SEARCH_PATHS = (
					"$(inherited)",
					"@executable_path/Frameworks",
					"@loader_path/Frameworks",
				);
				PRODUCT_BUNDLE_IDENTIFIER = com.mitchellgbudge.MacOSVersionsTests;
				PRODUCT_NAME = "$(TARGET_NAME)";
				TARGETED_DEVICE_FAMILY = "1,2";
				TEST_HOST = "$(BUILT_PRODUCTS_DIR)/MacOSVersions.app/MacOSVersions";
			};
			name = Debug;
		};
		6EC90E3B237092F700107BA6 /* Release */ = {
			isa = XCBuildConfiguration;
			buildSettings = {
				BUNDLE_LOADER = "$(TEST_HOST)";
				CODE_SIGN_STYLE = Automatic;
				INFOPLIST_FILE = MacOSVersionsTests/Info.plist;
				IPHONEOS_DEPLOYMENT_TARGET = 13.2;
				LD_RUNPATH_SEARCH_PATHS = (
					"$(inherited)",
					"@executable_path/Frameworks",
					"@loader_path/Frameworks",
				);
				PRODUCT_BUNDLE_IDENTIFIER = com.mitchellgbudge.MacOSVersionsTests;
				PRODUCT_NAME = "$(TARGET_NAME)";
				TARGETED_DEVICE_FAMILY = "1,2";
				TEST_HOST = "$(BUILT_PRODUCTS_DIR)/MacOSVersions.app/MacOSVersions";
			};
			name = Release;
		};
		6EC90E3D237092F700107BA6 /* Debug */ = {
			isa = XCBuildConfiguration;
			buildSettings = {
				CODE_SIGN_STYLE = Automatic;
				INFOPLIST_FILE = MacOSVersionsUITests/Info.plist;
				LD_RUNPATH_SEARCH_PATHS = (
					"$(inherited)",
					"@executable_path/Frameworks",
					"@loader_path/Frameworks",
				);
				PRODUCT_BUNDLE_IDENTIFIER = com.mitchellgbudge.MacOSVersionsUITests;
				PRODUCT_NAME = "$(TARGET_NAME)";
				TARGETED_DEVICE_FAMILY = "1,2";
				TEST_TARGET_NAME = MacOSVersions;
			};
			name = Debug;
		};
		6EC90E3E237092F700107BA6 /* Release */ = {
			isa = XCBuildConfiguration;
			buildSettings = {
				CODE_SIGN_STYLE = Automatic;
				INFOPLIST_FILE = MacOSVersionsUITests/Info.plist;
				LD_RUNPATH_SEARCH_PATHS = (
					"$(inherited)",
					"@executable_path/Frameworks",
					"@loader_path/Frameworks",
				);
				PRODUCT_BUNDLE_IDENTIFIER = com.mitchellgbudge.MacOSVersionsUITests;
				PRODUCT_NAME = "$(TARGET_NAME)";
				TARGETED_DEVICE_FAMILY = "1,2";
				TEST_TARGET_NAME = MacOSVersions;
			};
			name = Release;
		};
/* End XCBuildConfiguration section */

/* Begin XCConfigurationList section */
		6EC90E02237092F500107BA6 /* Build configuration list for PBXProject "MacOSVersions" */ = {
			isa = XCConfigurationList;
			buildConfigurations = (
				6EC90E34237092F700107BA6 /* Debug */,
				6EC90E35237092F700107BA6 /* Release */,
			);
			defaultConfigurationIsVisible = 0;
			defaultConfigurationName = Release;
		};
		6EC90E36237092F700107BA6 /* Build configuration list for PBXNativeTarget "MacOSVersions" */ = {
			isa = XCConfigurationList;
			buildConfigurations = (
				6EC90E37237092F700107BA6 /* Debug */,
				6EC90E38237092F700107BA6 /* Release */,
			);
			defaultConfigurationIsVisible = 0;
			defaultConfigurationName = Release;
		};
		6EC90E39237092F700107BA6 /* Build configuration list for PBXNativeTarget "MacOSVersionsTests" */ = {
			isa = XCConfigurationList;
			buildConfigurations = (
				6EC90E3A237092F700107BA6 /* Debug */,
				6EC90E3B237092F700107BA6 /* Release */,
			);
			defaultConfigurationIsVisible = 0;
			defaultConfigurationName = Release;
		};
		6EC90E3C237092F700107BA6 /* Build configuration list for PBXNativeTarget "MacOSVersionsUITests" */ = {
			isa = XCConfigurationList;
			buildConfigurations = (
				6EC90E3D237092F700107BA6 /* Debug */,
				6EC90E3E237092F700107BA6 /* Release */,
			);
			defaultConfigurationIsVisible = 0;
			defaultConfigurationName = Release;
		};
/* End XCConfigurationList section */
	};
	rootObject = 6EC90DFF237092F500107BA6 /* Project object */;
}
